Microsoft Visual Studio Solution File, Format Version 12.00
# Visual Studio Version 17
VisualStudioVersion = 17.5.2.0
MinimumVisualStudioVersion = 10.0.40219.1
Project("{2150E333-8FDC-42A3-9474-1A3956D46DE8}") = "testprojects", "testprojects", "{66854BFA-EAEA-B2BE-FC64-F7442E819120}"
EndProject
Project("{2150E333-8FDC-42A3-9474-1A3956D46DE8}") = "csharp", "csharp", "{D3A6D969-9483-CD1A-A30D-64B9E026120C}"
EndProject
Project("{FAE04EC0-301F-11D3-BF4B-00C04F79EFBC}") = "helloworld", "testprojects\csharp\helloworld\helloworld.csproj", "{6C8F517E-5B70-9004-39FB-7B42E49C621D}"
EndProject
Global
	GlobalSection(SolutionConfigurationPlatforms) = preSolution
		Debug|Any CPU = Debug|Any CPU
		Release|Any CPU = Release|Any CPU
	EndGlobalSection
	GlobalSection(ProjectConfigurationPlatforms) = postSolution
		{6C8F517E-5B70-9004-39FB-7B42E49C621D}.Debug|Any CPU.ActiveCfg = Debug|Any CPU
		{6C8F517E-5B70-9004-39FB-7B42E49C621D}.Debug|Any CPU.Build.0 = Debug|Any CPU
		{6C8F517E-5B70-9004-39FB-7B42E49C621D}.Release|Any CPU.ActiveCfg = Release|Any CPU
		{6C8F517E-5B70-9004-39FB-7B42E49C621D}.Release|Any CPU.Build.0 = Release|Any CPU
	EndGlobalSection
	GlobalSection(SolutionProperties) = preSolution
		HideSolutionNode = FALSE
	EndGlobalSection
	GlobalSection(NestedProjects) = preSolution
		{D3A6D969-9483-CD1A-A30D-64B9E026120C} = {66854BFA-EAEA-B2BE-FC64-F7442E819120}
		{6C8F517E-5B70-9004-39FB-7B42E49C621D} = {D3A6D969-9483-CD1A-A30D-64B9E026120C}
	EndGlobalSection
	GlobalSection(ExtensibilityGlobals) = postSolution
		SolutionGuid = {EB39F0A8-698D-45BE-B54E-09ED48779DEF}
	EndGlobalSection
EndGlobal
